
Microsoft Visual Studio Solution File, Format Version 12.00
# Visual Studio 15
VisualStudioVersion = 15.0.27004.2008
MinimumVisualStudioVersion = 10.0.40219.1
Project("{FAE04EC0-301F-11D3-BF4B-00C04F79EFBC}") = "App1.Android", "App1\App1.Android\App1.Android.csproj", "{6DA83E1F-6F0D-4FAE-A18A-0E69652E5385}"
EndProject
Project("{FAE04EC0-301F-11D3-BF4B-00C04F79EFBC}") = "App1", "App1\App1\App1.csproj", "{25F3FFE5-49B9-450D-8C17-ABCACB2E8F9F}"
EndProject
Project("{FAE04EC0-301F-11D3-BF4B-00C04F79EFBC}") = "App1.iOS", "App1\App1.iOS\App1.iOS.csproj", "{C4A7E1BD-5D60-4991-B84F-AC7126371DC1}"
EndProject
Global
	GlobalSection(SolutionConfigurationPlatforms) = preSolution
		Ad-Hoc|Any CPU = Ad-Hoc|Any CPU
		Ad-Hoc|iPhone = Ad-Hoc|iPhone
		Ad-Hoc|iPhoneSimulator = Ad-Hoc|iPhoneSimulator
		AppStore|Any CPU = AppStore|Any CPU
		AppStore|iPhone = AppStore|iPhone
		AppStore|iPhoneSimulator = AppStore|iPhoneSimulator
		Debug|Any CPU = Debug|Any CPU
		Debug|iPhone = Debug|iPhone
		Debug|iPhoneSimulator = Debug|iPhoneSimulator
		Release|Any CPU = Release|Any CPU
		Release|iPhone = Release|iPhone
		Release|iPhoneSimulator = Release|iPhoneSimulator
	EndGlobalSection
	GlobalSection(ProjectConfigurationPlatforms) = postSolution
		{6DA83E1F-6F0D-4FAE-A18A-0E69652E5385}.Ad-Hoc|Any CPU.ActiveCfg = Release|Any CPU
		{6DA83E1F-6F0D-4FAE-A18A-0E69652E5385}.Ad-Hoc|Any CPU.Build.0 = Release|Any CPU
		{6DA83E1F-6F0D-4FAE-A18A-0E69652E5385}.Ad-Hoc|Any CPU.Deploy.0 = Release|Any CPU
		{6DA83E1F-6F0D-4FAE-A18A-0E69652E5385}.Ad-Hoc|iPhone.ActiveCfg = Release|Any CPU
		{6DA83E1F-6F0D-4FAE-A18A-0E69652E5385}.Ad-Hoc|iPhone.Build.0 = Release|Any CPU
		{6DA83E1F-6F0D-4FAE-A18A-0E69652E5385}.Ad-Hoc|iPhone.Deploy.0 = Release|Any CPU
		{6DA83E1F-6F0D-4FAE-A18A-0E69652E5385}.Ad-Hoc|iPhoneSimulator.ActiveCfg = Release|Any CPU
		{6DA83E1F-6F0D-4FAE-A18A-0E69652E5385}.Ad-Hoc|iPhoneSimulator.Build.0 = Release|Any CPU
		{6DA83E1F-6F0D-4FAE-A18A-0E69652E5385}.Ad-Hoc|iPhoneSimulator.Deploy.0 = Release|Any CPU
		{6DA83E1F-6F0D-4FAE-A18A-0E69652E5385}.AppStore|Any CPU.ActiveCfg = Release|Any CPU
		{6DA83E1F-6F0D-4FAE-A18A-0E69652E5385}.AppStore|Any CPU.Build.0 = Release|Any CPU
		{6DA83E1F-6F0D-4FAE-A18A-0E69652E5385}.AppStore|Any CPU.Deploy.0 = Release|Any CPU
		{6DA83E1F-6F0D-4FAE-A18A-0E69652E5385}.AppStore|iPhone.ActiveCfg = Release|Any CPU
		{6DA83E1F-6F0D-4FAE-A18A-0E69652E5385}.AppStore|iPhone.Build.0 = Release|Any CPU
		{6DA83E1F-6F0D-4FAE-A18A-0E69652E5385}.AppStore|iPhone.Deploy.0 = Release|Any CPU
		{6DA83E1F-6F0D-4FAE-A18A-0E69652E5385}.AppStore|iPhoneSimulator.ActiveCfg = Release|Any CPU
		{6DA83E1F-6F0D-4FAE-A18A-0E69652E5385}.AppStore|iPhoneSimulator.Build.0 = Release|Any CPU
		{6DA83E1F-6F0D-4FAE-A18A-0E69652E5385}.AppStore|iPhoneSimulator.Deploy.0 = Release|Any CPU
		{6DA83E1F-6F0D-4FAE-A18A-0E69652E5385}.Debug|Any CPU.ActiveCfg = Debug|Any CPU
		{6DA83E1F-6F0D-4FAE-A18A-0E69652E5385}.Debug|Any CPU.Build.0 = Debug|Any CPU
		{6DA83E1F-6F0D-4FAE-A18A-0E69652E5385}.Debug|Any CPU.Deploy.0 = Debug|Any CPU
		{6DA83E1F-6F0D-4FAE-A18A-0E69652E5385}.Debug|iPhone.ActiveCfg = Debug|Any CPU
		{6DA83E1F-6F0D-4FAE-A18A-0E69652E5385}.Debug|iPhone.Build.0 = Debug|Any CPU
		{6DA83E1F-6F0D-4FAE-A18A-0E69652E5385}.Debug|iPhone.Deploy.0 = Debug|Any CPU
		{6DA83E1F-6F0D-4FAE-A18A-0E69652E5385}.Debug|iPhoneSimulator.ActiveCfg = Debug|Any CPU
		{6DA83E1F-6F0D-4FAE-A18A-0E69652E5385}.Debug|iPhoneSimulator.Build.0 = Debug|Any CPU
		{6DA83E1F-6F0D-4FAE-A18A-0E69652E5385}.Debug|iPhoneSimulator.Deploy.0 = Debug|Any CPU
		{6DA83E1F-6F0D-4FAE-A18A-0E69652E5385}.Release|Any CPU.ActiveCfg = Release|Any CPU
		{6DA83E1F-6F0D-4FAE-A18A-0E69652E5385}.Release|Any CPU.Build.0 = Release|Any CPU
		{6DA83E1F-6F0D-4FAE-A18A-0E69652E5385}.Release|Any CPU.Deploy.0 = Release|Any CPU
		{6DA83E1F-6F0D-4FAE-A18A-0E69652E5385}.Release|iPhone.ActiveCfg = Release|Any CPU
		{6DA83E1F-6F0D-4FAE-A18A-0E69652E5385}.Release|iPhone.Build.0 = Release|Any CPU
		{6DA83E1F-6F0D-4FAE-A18A-0E69652E5385}.Release|iPhone.Deploy.0 = Release|Any CPU
		{6DA83E1F-6F0D-4FAE-A18A-0E69652E5385}.Release|iPhoneSimulator.ActiveCfg = Release|Any CPU
		{6DA83E1F-6F0D-4FAE-A18A-0E69652E5385}.Release|iPhoneSimulator.Build.0 = Release|Any CPU
		{6DA83E1F-6F0D-4FAE-A18A-0E69652E5385}.Release|iPhoneSimulator.Deploy.0 = Release|Any CPU
		{25F3FFE5-49B9-450D-8C17-ABCACB2E8F9F}.Ad-Hoc|Any CPU.ActiveCfg = Release|Any CPU
		{25F3FFE5-49B9-450D-8C17-ABCACB2E8F9F}.Ad-Hoc|Any CPU.Build.0 = Release|Any CPU
		{25F3FFE5-49B9-450D-8C17-ABCACB2E8F9F}.Ad-Hoc|iPhone.ActiveCfg = Release|Any CPU
		{25F3FFE5-49B9-450D-8C17-ABCACB2E8F9F}.Ad-Hoc|iPhone.Build.0 = Release|Any CPU
		{25F3FFE5-49B9-450D-8C17-ABCACB2E8F9F}.Ad-Hoc|iPhoneSimulator.ActiveCfg = Release|Any CPU
		{25F3FFE5-49B9-450D-8C17-ABCACB2E8F9F}.Ad-Hoc|iPhoneSimulator.Build.0 = Release|Any CPU
		{25F3FFE5-49B9-450D-8C17-ABCACB2E8F9F}.AppStore|Any CPU.ActiveCfg = Release|Any CPU
		{25F3FFE5-49B9-450D-8C17-ABCACB2E8F9F}.AppStore|Any CPU.Build.0 = Release|Any CPU
		{25F3FFE5-49B9-450D-8C17-ABCACB2E8F9F}.AppStore|iPhone.ActiveCfg = Release|Any CPU
		{25F3FFE5-49B9-450D-8C17-ABCACB2E8F9F}.AppStore|iPhone.Build.0 = Release|Any CPU
		{25F3FFE5-49B9-450D-8C17-ABCACB2E8F9F}.AppStore|iPhoneSimulator.ActiveCfg = Release|Any CPU
		{25F3FFE5-49B9-450D-8C17-ABCACB2E8F9F}.AppStore|iPhoneSimulator.Build.0 = Release|Any CPU
		{25F3FFE5-49B9-450D-8C17-ABCACB2E8F9F}.Debug|Any CPU.ActiveCfg = Debug|Any CPU
		{25F3FFE5-49B9-450D-8C17-ABCACB2E8F9F}.Debug|Any CPU.Build.0 = Debug|Any CPU
		{25F3FFE5-49B9-450D-8C17-ABCACB2E8F9F}.Debug|iPhone.ActiveCfg = Debug|Any CPU
		{25F3FFE5-49B9-450D-8C17-ABCACB2E8F9F}.Debug|iPhone.Build.0 = Debug|Any CPU
		{25F3FFE5-49B9-450D-8C17-ABCACB2E8F9F}.Debug|iPhoneSimulator.ActiveCfg = Debug|Any CPU
		{25F3FFE5-49B9-450D-8C17-ABCACB2E8F9F}.Debug|iPhoneSimulator.Build.0 = Debug|Any CPU
		{25F3FFE5-49B9-450D-8C17-ABCACB2E8F9F}.Release|Any CPU.ActiveCfg = Release|Any CPU
		{25F3FFE5-49B9-450D-8C17-ABCACB2E8F9F}.Release|Any CPU.Build.0 = Release|Any CPU
		{25F3FFE5-49B9-450D-8C17-ABCACB2E8F9F}.Release|iPhone.ActiveCfg = Release|Any CPU
		{25F3FFE5-49B9-450D-8C17-ABCACB2E8F9F}.Release|iPhone.Build.0 = Release|Any CPU
		{25F3FFE5-49B9-450D-8C17-ABCACB2E8F9F}.Release|iPhoneSimulator.ActiveCfg = Release|Any CPU
		{25F3FFE5-49B9-450D-8C17-ABCACB2E8F9F}.Release|iPhoneSimulator.Build.0 = Release|Any CPU
		{C4A7E1BD-5D60-4991-B84F-AC7126371DC1}.Ad-Hoc|Any CPU.ActiveCfg = Ad-Hoc|iPhoneSimulator
		{C4A7E1BD-5D60-4991-B84F-AC7126371DC1}.Ad-Hoc|iPhone.ActiveCfg = Ad-Hoc|iPhone
		{C4A7E1BD-5D60-4991-B84F-AC7126371DC1}.Ad-Hoc|iPhone.Build.0 = Ad-Hoc|iPhone
		{C4A7E1BD-5D60-4991-B84F-AC7126371DC1}.Ad-Hoc|iPhoneSimulator.ActiveCfg = Ad-Hoc|iPhoneSimulator
		{C4A7E1BD-5D60-4991-B84F-AC7126371DC1}.Ad-Hoc|iPhoneSimulator.Build.0 = Ad-Hoc|iPhoneSimulator
		{C4A7E1BD-5D60-4991-B84F-AC7126371DC1}.AppStore|Any CPU.ActiveCfg = AppStore|iPhoneSimulator
		{C4A7E1BD-5D60-4991-B84F-AC7126371DC1}.AppStore|iPhone.ActiveCfg = AppStore|iPhone
		{C4A7E1BD-5D60-4991-B84F-AC7126371DC1}.AppStore|iPhone.Build.0 = AppStore|iPhone
		{C4A7E1BD-5D60-4991-B84F-AC7126371DC1}.AppStore|iPhoneSimulator.ActiveCfg = AppStore|iPhoneSimulator
		{C4A7E1BD-5D60-4991-B84F-AC7126371DC1}.AppStore|iPhoneSimulator.Build.0 = AppStore|iPhoneSimulator
		{C4A7E1BD-5D60-4991-B84F-AC7126371DC1}.Debug|Any CPU.ActiveCfg = Debug|iPhoneSimulator
		{C4A7E1BD-5D60-4991-B84F-AC7126371DC1}.Debug|iPhone.ActiveCfg = Debug|iPhone
		{C4A7E1BD-5D60-4991-B84F-AC7126371DC1}.Debug|iPhone.Build.0 = Debug|iPhone
		{C4A7E1BD-5D60-4991-B84F-AC7126371DC1}.Debug|iPhoneSimulator.ActiveCfg = Debug|iPhoneSimulator
		{C4A7E1BD-5D60-4991-B84F-AC7126371DC1}.Debug|iPhoneSimulator.Build.0 = Debug|iPhoneSimulator
		{C4A7E1BD-5D60-4991-B84F-AC7126371DC1}.Release|Any CPU.ActiveCfg = Release|iPhoneSimulator
		{C4A7E1BD-5D60-4991-B84F-AC7126371DC1}.Release|iPhone.ActiveCfg = Release|iPhone
		{C4A7E1BD-5D60-4991-B84F-AC7126371DC1}.Release|iPhone.Build.0 = Release|iPhone
		{C4A7E1BD-5D60-4991-B84F-AC7126371DC1}.Release|iPhoneSimulator.ActiveCfg = Release|iPhoneSimulator
		{C4A7E1BD-5D60-4991-B84F-AC7126371DC1}.Release|iPhoneSimulator.Build.0 = Release|iPhoneSimulator
	EndGlobalSection
	GlobalSection(SolutionProperties) = preSolution
		HideSolutionNode = FALSE
	EndGlobalSection
	GlobalSection(ExtensibilityGlobals) = postSolution
		SolutionGuid = {1FC643A3-06A3-444B-A657-291D8A6DF95F}
	EndGlobalSection
EndGlobal
